
Microsoft Visual Studio Solution File, Format Version 12.00
Project("{FAE04EC0-301F-11D3-BF4B-00C04F79EFBC}") = "Tracer.Core", "Tracer.Core\Tracer.Core.csproj", "{A521FC8B-8583-432C-AB30-FB9282BDA5CF}"
EndProject
Project("{2150E333-8FDC-42A3-9474-1A3956D46DE8}") = "Tracer", "Tracer", "{C3F719FC-A837-4210-81CD-10AD91253A7D}"
EndProject
Project("{2150E333-8FDC-42A3-9474-1A3956D46DE8}") = "TracerSerialization", "TracerSerialization", "{60DC1CE5-6AC7-4642-9BF4-F4170690B6C9}"
EndProject
Project("{FAE04EC0-301F-11D3-BF4B-00C04F79EFBC}") = "Tracer.Core.Tests", "Tracer.Core.Tests\Tracer.Core.Tests.csproj", "{D440A504-50AE-468E-9C60-B7E770359B14}"
EndProject
Project("{FAE04EC0-301F-11D3-BF4B-00C04F79EFBC}") = "Tracer.Serialization.Abstractions", "Tracer.Serialization.Abstractions\Tracer.Serialization.Abstractions.csproj", "{2C3CAE85-EEBE-4DED-8484-FFC66B2F426A}"
EndProject
Project("{FAE04EC0-301F-11D3-BF4B-00C04F79EFBC}") = "TracerSerialization", "TracerSerialization\TracerSerialization.csproj", "{68EB8F69-C1BD-4111-B49F-1EDFDF16A89F}"
EndProject
Project("{FAE04EC0-301F-11D3-BF4B-00C04F79EFBC}") = "Tracer.Serialization.Json", "Tracer.Serialization.Json\Tracer.Serialization.Json.csproj", "{C19DA28D-BB29-4267-B1C1-72EECA70D27A}"
EndProject
Global
	GlobalSection(SolutionConfigurationPlatforms) = preSolution
		Debug|Any CPU = Debug|Any CPU
		Release|Any CPU = Release|Any CPU
	EndGlobalSection
	GlobalSection(ProjectConfigurationPlatforms) = postSolution
		{A521FC8B-8583-432C-AB30-FB9282BDA5CF}.Debug|Any CPU.ActiveCfg = Debug|Any CPU
		{A521FC8B-8583-432C-AB30-FB9282BDA5CF}.Debug|Any CPU.Build.0 = Debug|Any CPU
		{A521FC8B-8583-432C-AB30-FB9282BDA5CF}.Release|Any CPU.ActiveCfg = Release|Any CPU
		{A521FC8B-8583-432C-AB30-FB9282BDA5CF}.Release|Any CPU.Build.0 = Release|Any CPU
		{D440A504-50AE-468E-9C60-B7E770359B14}.Debug|Any CPU.ActiveCfg = Debug|Any CPU
		{D440A504-50AE-468E-9C60-B7E770359B14}.Debug|Any CPU.Build.0 = Debug|Any CPU
		{D440A504-50AE-468E-9C60-B7E770359B14}.Release|Any CPU.ActiveCfg = Release|Any CPU
		{D440A504-50AE-468E-9C60-B7E770359B14}.Release|Any CPU.Build.0 = Release|Any CPU
		{2C3CAE85-EEBE-4DED-8484-FFC66B2F426A}.Debug|Any CPU.ActiveCfg = Debug|Any CPU
		{2C3CAE85-EEBE-4DED-8484-FFC66B2F426A}.Debug|Any CPU.Build.0 = Debug|Any CPU
		{2C3CAE85-EEBE-4DED-8484-FFC66B2F426A}.Release|Any CPU.ActiveCfg = Release|Any CPU
		{2C3CAE85-EEBE-4DED-8484-FFC66B2F426A}.Release|Any CPU.Build.0 = Release|Any CPU
		{68EB8F69-C1BD-4111-B49F-1EDFDF16A89F}.Debug|Any CPU.ActiveCfg = Debug|Any CPU
		{68EB8F69-C1BD-4111-B49F-1EDFDF16A89F}.Debug|Any CPU.Build.0 = Debug|Any CPU
		{68EB8F69-C1BD-4111-B49F-1EDFDF16A89F}.Release|Any CPU.ActiveCfg = Release|Any CPU
		{68EB8F69-C1BD-4111-B49F-1EDFDF16A89F}.Release|Any CPU.Build.0 = Release|Any CPU
		{C19DA28D-BB29-4267-B1C1-72EECA70D27A}.Debug|Any CPU.ActiveCfg = Debug|Any CPU
		{C19DA28D-BB29-4267-B1C1-72EECA70D27A}.Debug|Any CPU.Build.0 = Debug|Any CPU
		{C19DA28D-BB29-4267-B1C1-72EECA70D27A}.Release|Any CPU.ActiveCfg = Release|Any CPU
		{C19DA28D-BB29-4267-B1C1-72EECA70D27A}.Release|Any CPU.Build.0 = Release|Any CPU
	EndGlobalSection
	GlobalSection(NestedProjects) = preSolution
		{A521FC8B-8583-432C-AB30-FB9282BDA5CF} = {C3F719FC-A837-4210-81CD-10AD91253A7D}
		{D440A504-50AE-468E-9C60-B7E770359B14} = {C3F719FC-A837-4210-81CD-10AD91253A7D}
		{2C3CAE85-EEBE-4DED-8484-FFC66B2F426A} = {C3F719FC-A837-4210-81CD-10AD91253A7D}
		{68EB8F69-C1BD-4111-B49F-1EDFDF16A89F} = {C3F719FC-A837-4210-81CD-10AD91253A7D}
		{C19DA28D-BB29-4267-B1C1-72EECA70D27A} = {60DC1CE5-6AC7-4642-9BF4-F4170690B6C9}
	EndGlobalSection
EndGlobal
